
Microsoft Visual Studio Solution File, Format Version 12.00
# Visual Studio 15
Project("{FAE04EC0-301F-11D3-BF4B-00C04F79EFBC}") = "Assembly-CSharp", "Assembly-CSharp.csproj", "{86AF6240-0812-496A-62C7-948A4A132820}"
EndProject
Project("{FAE04EC0-301F-11D3-BF4B-00C04F79EFBC}") = "Assembly-CSharp-Editor", "Assembly-CSharp-Editor.csproj", "{248A9449-58AB-ED19-BB99-D2675D42B6A6}"
EndProject
Global
	GlobalSection(SolutionConfigurationPlatforms) = preSolution
		Debug|Any CPU = Debug|Any CPU
		Release|Any CPU = Release|Any CPU
	EndGlobalSection
	GlobalSection(ProjectConfigurationPlatforms) = postSolution
		{86AF6240-0812-496A-62C7-948A4A132820}.Debug|Any CPU.ActiveCfg = Debug|Any CPU
		{86AF6240-0812-496A-62C7-948A4A132820}.Debug|Any CPU.Build.0 = Debug|Any CPU
		{86AF6240-0812-496A-62C7-948A4A132820}.Release|Any CPU.ActiveCfg = Release|Any CPU
		{86AF6240-0812-496A-62C7-948A4A132820}.Release|Any CPU.Build.0 = Release|Any CPU
		{248A9449-58AB-ED19-BB99-D2675D42B6A6}.Debug|Any CPU.ActiveCfg = Debug|Any CPU
		{248A9449-58AB-ED19-BB99-D2675D42B6A6}.Debug|Any CPU.Build.0 = Debug|Any CPU
		{248A9449-58AB-ED19-BB99-D2675D42B6A6}.Release|Any CPU.ActiveCfg = Release|Any CPU
		{248A9449-58AB-ED19-BB99-D2675D42B6A6}.Release|Any CPU.Build.0 = Release|Any CPU
	EndGlobalSection
	GlobalSection(SolutionProperties) = preSolution
		HideSolutionNode = FALSE
	EndGlobalSection
EndGlobal
